// !$*UTF8*$!
{
	archiveVersion = 1;
	classes = {
	};
	objectVersion = 55;
	objects = {

/* Begin PBXBuildFile section */
		A0781D5CADDFD5ADB47FB4CC /* Pods_Marvel.framework in Frameworks */ = {isa = PBXBuildFile; fileRef = 72A0D724C7563CB082EA1AB5 /* Pods_Marvel.framework */; };
		B5AAA6692975401B00AF1121 /* AppDelegate.swift in Sources */ = {isa = PBXBuildFile; fileRef = B5AAA6682975401B00AF1121 /* AppDelegate.swift */; };
		B5AAA66B2975401B00AF1121 /* SceneDelegate.swift in Sources */ = {isa = PBXBuildFile; fileRef = B5AAA66A2975401B00AF1121 /* SceneDelegate.swift */; };
		B5AAA66D2975401B00AF1121 /* ViewController.swift in Sources */ = {isa = PBXBuildFile; fileRef = B5AAA66C2975401B00AF1121 /* ViewController.swift */; };
		B5AAA6702975401B00AF1121 /* Main.storyboard in Resources */ = {isa = PBXBuildFile; fileRef = B5AAA66E2975401B00AF1121 /* Main.storyboard */; };
		B5AAA6722975401E00AF1121 /* Assets.xcassets in Resources */ = {isa = PBXBuildFile; fileRef = B5AAA6712975401E00AF1121 /* Assets.xcassets */; };
		B5AAA6752975401E00AF1121 /* LaunchScreen.storyboard in Resources */ = {isa = PBXBuildFile; fileRef = B5AAA6732975401E00AF1121 /* LaunchScreen.storyboard */; };
		B5AAA67E297549F900AF1121 /* ApiRestMarvel.swift in Sources */ = {isa = PBXBuildFile; fileRef = B5AAA67D297549F900AF1121 /* ApiRestMarvel.swift */; };
		B5AAA680297550B300AF1121 /* ApiRestClient.swift in Sources */ = {isa = PBXBuildFile; fileRef = B5AAA67F297550B300AF1121 /* ApiRestClient.swift */; };
		B5AC6FA429756CAB00E7B1ED /* MarvelTokenAdapter.swift in Sources */ = {isa = PBXBuildFile; fileRef = B5AC6FA329756CAB00E7B1ED /* MarvelTokenAdapter.swift */; };
		B5AC6FA829757AC300E7B1ED /* String+Extensions.swift in Sources */ = {isa = PBXBuildFile; fileRef = B5AC6FA729757AC300E7B1ED /* String+Extensions.swift */; };
		B5AC6FAB29757C7600E7B1ED /* MarvelRequestMonitor.swift in Sources */ = {isa = PBXBuildFile; fileRef = B5AC6FAA29757C7600E7B1ED /* MarvelRequestMonitor.swift */; };
		B5AC6FAD29757D8400E7B1ED /* Log.swift in Sources */ = {isa = PBXBuildFile; fileRef = B5AC6FAC29757D8400E7B1ED /* Log.swift */; };
		B5AC6FB02975810500E7B1ED /* CharacterRepository.swift in Sources */ = {isa = PBXBuildFile; fileRef = B5AC6FAF2975810500E7B1ED /* CharacterRepository.swift */; };
		B5AC6FB4297589F900E7B1ED /* Character.swift in Sources */ = {isa = PBXBuildFile; fileRef = B5AC6FB3297589F900E7B1ED /* Character.swift */; };
		B5AC6FB729758ACF00E7B1ED /* ApiObjectCharacter.swift in Sources */ = {isa = PBXBuildFile; fileRef = B5AC6FB629758ACF00E7B1ED /* ApiObjectCharacter.swift */; };
		B5AC6FB929758C5C00E7B1ED /* ApiObjectCharacterDataWrapper.swift in Sources */ = {isa = PBXBuildFile; fileRef = B5AC6FB829758C5C00E7B1ED /* ApiObjectCharacterDataWrapper.swift */; };
		B5AC6FBB29758D0800E7B1ED /* ApiObjectCharacterDataContainer.swift in Sources */ = {isa = PBXBuildFile; fileRef = B5AC6FBA29758D0800E7B1ED /* ApiObjectCharacterDataContainer.swift */; };
		B5AC6FBD297593E200E7B1ED /* ApiObjectUrl.swift in Sources */ = {isa = PBXBuildFile; fileRef = B5AC6FBC297593E200E7B1ED /* ApiObjectUrl.swift */; };
		B5AC6FBF2975943700E7B1ED /* ApiObjectImage.swift in Sources */ = {isa = PBXBuildFile; fileRef = B5AC6FBE2975943700E7B1ED /* ApiObjectImage.swift */; };
		B5AC6FC1297594DD00E7B1ED /* ApiObjectComicList.swift in Sources */ = {isa = PBXBuildFile; fileRef = B5AC6FC0297594DD00E7B1ED /* ApiObjectComicList.swift */; };
		B5AC6FC32975953B00E7B1ED /* ApiObjectComicSummary.swift in Sources */ = {isa = PBXBuildFile; fileRef = B5AC6FC22975953B00E7B1ED /* ApiObjectComicSummary.swift */; };
		B5AC6FC52975958700E7B1ED /* ApiObjectStoryList.swift in Sources */ = {isa = PBXBuildFile; fileRef = B5AC6FC42975958700E7B1ED /* ApiObjectStoryList.swift */; };
		B5AC6FC72975965600E7B1ED /* ApiObjectStorySummary.swift in Sources */ = {isa = PBXBuildFile; fileRef = B5AC6FC62975965600E7B1ED /* ApiObjectStorySummary.swift */; };
		B5AC6FC9297596A600E7B1ED /* ApiObjectEventList.swift in Sources */ = {isa = PBXBuildFile; fileRef = B5AC6FC8297596A600E7B1ED /* ApiObjectEventList.swift */; };
		B5AC6FCB2975979200E7B1ED /* ApiObjectEventSummary.swift in Sources */ = {isa = PBXBuildFile; fileRef = B5AC6FCA2975979200E7B1ED /* ApiObjectEventSummary.swift */; };
		B5AC6FCD297597CE00E7B1ED /* ApiObjectSeriesList.swift in Sources */ = {isa = PBXBuildFile; fileRef = B5AC6FCC297597CE00E7B1ED /* ApiObjectSeriesList.swift */; };
		B5AC6FCF2975980B00E7B1ED /* ApiObjectSeriesSummary.swift in Sources */ = {isa = PBXBuildFile; fileRef = B5AC6FCE2975980B00E7B1ED /* ApiObjectSeriesSummary.swift */; };
		B5AC6FD12975993700E7B1ED /* Decodable+Extensions.swift in Sources */ = {isa = PBXBuildFile; fileRef = B5AC6FD02975993700E7B1ED /* Decodable+Extensions.swift */; };
		B5AC6FD529759E8800E7B1ED /* CharacterListViewController.swift in Sources */ = {isa = PBXBuildFile; fileRef = B5AC6FD429759E8800E7B1ED /* CharacterListViewController.swift */; };
		B5AC6FD729759E9F00E7B1ED /* CharacterListPresenter.swift in Sources */ = {isa = PBXBuildFile; fileRef = B5AC6FD629759E9F00E7B1ED /* CharacterListPresenter.swift */; };
		B5AC6FD929759EC000E7B1ED /* CharacterListInteractor.swift in Sources */ = {isa = PBXBuildFile; fileRef = B5AC6FD829759EC000E7B1ED /* CharacterListInteractor.swift */; };
		B5AC6FDB29759ED300E7B1ED /* CharacterListRouter.swift in Sources */ = {isa = PBXBuildFile; fileRef = B5AC6FDA29759ED300E7B1ED /* CharacterListRouter.swift */; };
		B5AC6FDD29759EE800E7B1ED /* CharacterListProtocols.swift in Sources */ = {isa = PBXBuildFile; fileRef = B5AC6FDC29759EE800E7B1ED /* CharacterListProtocols.swift */; };
/* End PBXBuildFile section */

/* Begin PBXFileReference section */
		72A0D724C7563CB082EA1AB5 /* Pods_Marvel.framework */ = {isa = PBXFileReference; explicitFileType = wrapper.framework; includeInIndex = 0; path = Pods_Marvel.framework; sourceTree = BUILT_PRODUCTS_DIR; };
		B5AAA6652975401B00AF1121 /* Marvel.app */ = {isa = PBXFileReference; explicitFileType = wrapper.application; includeInIndex = 0; path = Marvel.app; sourceTree = BUILT_PRODUCTS_DIR; };
		B5AAA6682975401B00AF1121 /* AppDelegate.swift */ = {isa = PBXFileReference; lastKnownFileType = sourcecode.swift; path = AppDelegate.swift; sourceTree = "<group>"; };
		B5AAA66A2975401B00AF1121 /* SceneDelegate.swift */ = {isa = PBXFileReference; lastKnownFileType = sourcecode.swift; path = SceneDelegate.swift; sourceTree = "<group>"; };
		B5AAA66C2975401B00AF1121 /* ViewController.swift */ = {isa = PBXFileReference; lastKnownFileType = sourcecode.swift; path = ViewController.swift; sourceTree = "<group>"; };
		B5AAA66F2975401B00AF1121 /* Base */ = {isa = PBXFileReference; lastKnownFileType = file.storyboard; name = Base; path = Base.lproj/Main.storyboard; sourceTree = "<group>"; };
		B5AAA6712975401E00AF1121 /* Assets.xcassets */ = {isa = PBXFileReference; lastKnownFileType = folder.assetcatalog; path = Assets.xcassets; sourceTree = "<group>"; };
		B5AAA6742975401E00AF1121 /* Base */ = {isa = PBXFileReference; lastKnownFileType = file.storyboard; name = Base; path = Base.lproj/LaunchScreen.storyboard; sourceTree = "<group>"; };
		B5AAA6762975401E00AF1121 /* Info.plist */ = {isa = PBXFileReference; lastKnownFileType = text.plist.xml; path = Info.plist; sourceTree = "<group>"; };
		B5AAA67D297549F900AF1121 /* ApiRestMarvel.swift */ = {isa = PBXFileReference; lastKnownFileType = sourcecode.swift; path = ApiRestMarvel.swift; sourceTree = "<group>"; };
		B5AAA67F297550B300AF1121 /* ApiRestClient.swift */ = {isa = PBXFileReference; lastKnownFileType = sourcecode.swift; path = ApiRestClient.swift; sourceTree = "<group>"; };
		B5AC6FA329756CAB00E7B1ED /* MarvelTokenAdapter.swift */ = {isa = PBXFileReference; lastKnownFileType = sourcecode.swift; path = MarvelTokenAdapter.swift; sourceTree = "<group>"; };
		B5AC6FA729757AC300E7B1ED /* String+Extensions.swift */ = {isa = PBXFileReference; lastKnownFileType = sourcecode.swift; path = "String+Extensions.swift"; sourceTree = "<group>"; };
		B5AC6FAA29757C7600E7B1ED /* MarvelRequestMonitor.swift */ = {isa = PBXFileReference; lastKnownFileType = sourcecode.swift; path = MarvelRequestMonitor.swift; sourceTree = "<group>"; };
		B5AC6FAC29757D8400E7B1ED /* Log.swift */ = {isa = PBXFileReference; lastKnownFileType = sourcecode.swift; path = Log.swift; sourceTree = "<group>"; };
		B5AC6FAF2975810500E7B1ED /* CharacterRepository.swift */ = {isa = PBXFileReference; lastKnownFileType = sourcecode.swift; path = CharacterRepository.swift; sourceTree = "<group>"; };
		B5AC6FB3297589F900E7B1ED /* Character.swift */ = {isa = PBXFileReference; lastKnownFileType = sourcecode.swift; path = Character.swift; sourceTree = "<group>"; };
		B5AC6FB629758ACF00E7B1ED /* ApiObjectCharacter.swift */ = {isa = PBXFileReference; lastKnownFileType = sourcecode.swift; path = ApiObjectCharacter.swift; sourceTree = "<group>"; };
		B5AC6FB829758C5C00E7B1ED /* ApiObjectCharacterDataWrapper.swift */ = {isa = PBXFileReference; lastKnownFileType = sourcecode.swift; path = ApiObjectCharacterDataWrapper.swift; sourceTree = "<group>"; };
		B5AC6FBA29758D0800E7B1ED /* ApiObjectCharacterDataContainer.swift */ = {isa = PBXFileReference; lastKnownFileType = sourcecode.swift; path = ApiObjectCharacterDataContainer.swift; sourceTree = "<group>"; };
		B5AC6FBC297593E200E7B1ED /* ApiObjectUrl.swift */ = {isa = PBXFileReference; lastKnownFileType = sourcecode.swift; path = ApiObjectUrl.swift; sourceTree = "<group>"; };
		B5AC6FBE2975943700E7B1ED /* ApiObjectImage.swift */ = {isa = PBXFileReference; lastKnownFileType = sourcecode.swift; path = ApiObjectImage.swift; sourceTree = "<group>"; };
		B5AC6FC0297594DD00E7B1ED /* ApiObjectComicList.swift */ = {isa = PBXFileReference; lastKnownFileType = sourcecode.swift; path = ApiObjectComicList.swift; sourceTree = "<group>"; };
		B5AC6FC22975953B00E7B1ED /* ApiObjectComicSummary.swift */ = {isa = PBXFileReference; lastKnownFileType = sourcecode.swift; path = ApiObjectComicSummary.swift; sourceTree = "<group>"; };
		B5AC6FC42975958700E7B1ED /* ApiObjectStoryList.swift */ = {isa = PBXFileReference; lastKnownFileType = sourcecode.swift; path = ApiObjectStoryList.swift; sourceTree = "<group>"; };
		B5AC6FC62975965600E7B1ED /* ApiObjectStorySummary.swift */ = {isa = PBXFileReference; lastKnownFileType = sourcecode.swift; path = ApiObjectStorySummary.swift; sourceTree = "<group>"; };
		B5AC6FC8297596A600E7B1ED /* ApiObjectEventList.swift */ = {isa = PBXFileReference; lastKnownFileType = sourcecode.swift; path = ApiObjectEventList.swift; sourceTree = "<group>"; };
		B5AC6FCA2975979200E7B1ED /* ApiObjectEventSummary.swift */ = {isa = PBXFileReference; lastKnownFileType = sourcecode.swift; path = ApiObjectEventSummary.swift; sourceTree = "<group>"; };
		B5AC6FCC297597CE00E7B1ED /* ApiObjectSeriesList.swift */ = {isa = PBXFileReference; lastKnownFileType = sourcecode.swift; path = ApiObjectSeriesList.swift; sourceTree = "<group>"; };
		B5AC6FCE2975980B00E7B1ED /* ApiObjectSeriesSummary.swift */ = {isa = PBXFileReference; lastKnownFileType = sourcecode.swift; path = ApiObjectSeriesSummary.swift; sourceTree = "<group>"; };
		B5AC6FD02975993700E7B1ED /* Decodable+Extensions.swift */ = {isa = PBXFileReference; lastKnownFileType = sourcecode.swift; path = "Decodable+Extensions.swift"; sourceTree = "<group>"; };
		B5AC6FD429759E8800E7B1ED /* CharacterListViewController.swift */ = {isa = PBXFileReference; lastKnownFileType = sourcecode.swift; path = CharacterListViewController.swift; sourceTree = "<group>"; };
		B5AC6FD629759E9F00E7B1ED /* CharacterListPresenter.swift */ = {isa = PBXFileReference; lastKnownFileType = sourcecode.swift; path = CharacterListPresenter.swift; sourceTree = "<group>"; };
		B5AC6FD829759EC000E7B1ED /* CharacterListInteractor.swift */ = {isa = PBXFileReference; lastKnownFileType = sourcecode.swift; path = CharacterListInteractor.swift; sourceTree = "<group>"; };
		B5AC6FDA29759ED300E7B1ED /* CharacterListRouter.swift */ = {isa = PBXFileReference; lastKnownFileType = sourcecode.swift; path = CharacterListRouter.swift; sourceTree = "<group>"; };
		B5AC6FDC29759EE800E7B1ED /* CharacterListProtocols.swift */ = {isa = PBXFileReference; lastKnownFileType = sourcecode.swift; path = CharacterListProtocols.swift; sourceTree = "<group>"; };
		C3BB36BBD2A561726A9C7237 /* Pods-Marvel.debug.xcconfig */ = {isa = PBXFileReference; includeInIndex = 1; lastKnownFileType = text.xcconfig; name = "Pods-Marvel.debug.xcconfig"; path = "Target Support Files/Pods-Marvel/Pods-Marvel.debug.xcconfig"; sourceTree = "<group>"; };
		ED548DC0CC0F53D490A1F6E3 /* Pods-Marvel.release.xcconfig */ = {isa = PBXFileReference; includeInIndex = 1; lastKnownFileType = text.xcconfig; name = "Pods-Marvel.release.xcconfig"; path = "Target Support Files/Pods-Marvel/Pods-Marvel.release.xcconfig"; sourceTree = "<group>"; };
/* End PBXFileReference section */

/* Begin PBXFrameworksBuildPhase section */
		B5AAA6622975401B00AF1121 /* Frameworks */ = {
			isa = PBXFrameworksBuildPhase;
			buildActionMask = 2147483647;
			files = (
				A0781D5CADDFD5ADB47FB4CC /* Pods_Marvel.framework in Frameworks */,
			);
			runOnlyForDeploymentPostprocessing = 0;
		};
/* End PBXFrameworksBuildPhase section */

/* Begin PBXGroup section */
		B5AAA65C2975401B00AF1121 = {
			isa = PBXGroup;
			children = (
				B5AAA6672975401B00AF1121 /* Marvel */,
				B5AAA6662975401B00AF1121 /* Products */,
				DDD2C238E23C61739D360671 /* Pods */,
				EBE0CFCC1EA78B9ED8FAC70F /* Frameworks */,
			);
			sourceTree = "<group>";
		};
		B5AAA6662975401B00AF1121 /* Products */ = {
			isa = PBXGroup;
			children = (
				B5AAA6652975401B00AF1121 /* Marvel.app */,
			);
			name = Products;
			sourceTree = "<group>";
		};
		B5AAA6672975401B00AF1121 /* Marvel */ = {
			isa = PBXGroup;
			children = (
				B5AC6FB529758AA500E7B1ED /* api */,
				B5AC6FB12975899D00E7B1ED /* db */,
				B5AC6FAE2975809900E7B1ED /* repository */,
				B5AC6FA529757A9500E7B1ED /* helpers */,
				B5AAA67C297540A000AF1121 /* services */,
				B5AC6FD229759D9D00E7B1ED /* modules */,
				B5AAA6682975401B00AF1121 /* AppDelegate.swift */,
				B5AAA66A2975401B00AF1121 /* SceneDelegate.swift */,
				B5AAA66C2975401B00AF1121 /* ViewController.swift */,
				B5AAA66E2975401B00AF1121 /* Main.storyboard */,
				B5AAA6712975401E00AF1121 /* Assets.xcassets */,
				B5AAA6732975401E00AF1121 /* LaunchScreen.storyboard */,
				B5AAA6762975401E00AF1121 /* Info.plist */,
			);
			path = Marvel;
			sourceTree = "<group>";
		};
		B5AAA67C297540A000AF1121 /* services */ = {
			isa = PBXGroup;
			children = (
				B5AC6FA929757C5400E7B1ED /* monitors */,
				B5AAA681297553FB00AF1121 /* interceptors */,
				B5AAA67F297550B300AF1121 /* ApiRestClient.swift */,
				B5AAA67D297549F900AF1121 /* ApiRestMarvel.swift */,
			);
			path = services;
			sourceTree = "<group>";
		};
		B5AAA681297553FB00AF1121 /* interceptors */ = {
			isa = PBXGroup;
			children = (
				B5AC6FA329756CAB00E7B1ED /* MarvelTokenAdapter.swift */,
			);
			path = interceptors;
			sourceTree = "<group>";
		};
		B5AC6FA529757A9500E7B1ED /* helpers */ = {
			isa = PBXGroup;
			children = (
				B5AC6FA629757AA700E7B1ED /* extensions */,
				B5AC6FAC29757D8400E7B1ED /* Log.swift */,
			);
			path = helpers;
			sourceTree = "<group>";
		};
		B5AC6FA629757AA700E7B1ED /* extensions */ = {
			isa = PBXGroup;
			children = (
				B5AC6FA729757AC300E7B1ED /* String+Extensions.swift */,
				B5AC6FD02975993700E7B1ED /* Decodable+Extensions.swift */,
			);
			path = extensions;
			sourceTree = "<group>";
		};
		B5AC6FA929757C5400E7B1ED /* monitors */ = {
			isa = PBXGroup;
			children = (
				B5AC6FAA29757C7600E7B1ED /* MarvelRequestMonitor.swift */,
			);
			path = monitors;
			sourceTree = "<group>";
		};
		B5AC6FAE2975809900E7B1ED /* repository */ = {
			isa = PBXGroup;
			children = (
				B5AC6FAF2975810500E7B1ED /* CharacterRepository.swift */,
			);
			path = repository;
			sourceTree = "<group>";
		};
		B5AC6FB12975899D00E7B1ED /* db */ = {
			isa = PBXGroup;
			children = (
				B5AC6FB2297589E500E7B1ED /* entities */,
			);
			path = db;
			sourceTree = "<group>";
		};
		B5AC6FB2297589E500E7B1ED /* entities */ = {
			isa = PBXGroup;
			children = (
				B5AC6FB3297589F900E7B1ED /* Character.swift */,
			);
			path = entities;
			sourceTree = "<group>";
		};
		B5AC6FB529758AA500E7B1ED /* api */ = {
			isa = PBXGroup;
			children = (
				B5AC6FB829758C5C00E7B1ED /* ApiObjectCharacterDataWrapper.swift */,
				B5AC6FBA29758D0800E7B1ED /* ApiObjectCharacterDataContainer.swift */,
				B5AC6FB629758ACF00E7B1ED /* ApiObjectCharacter.swift */,
				B5AC6FBC297593E200E7B1ED /* ApiObjectUrl.swift */,
				B5AC6FBE2975943700E7B1ED /* ApiObjectImage.swift */,
				B5AC6FC0297594DD00E7B1ED /* ApiObjectComicList.swift */,
				B5AC6FC22975953B00E7B1ED /* ApiObjectComicSummary.swift */,
				B5AC6FC42975958700E7B1ED /* ApiObjectStoryList.swift */,
				B5AC6FC62975965600E7B1ED /* ApiObjectStorySummary.swift */,
				B5AC6FC8297596A600E7B1ED /* ApiObjectEventList.swift */,
				B5AC6FCA2975979200E7B1ED /* ApiObjectEventSummary.swift */,
				B5AC6FCC297597CE00E7B1ED /* ApiObjectSeriesList.swift */,
				B5AC6FCE2975980B00E7B1ED /* ApiObjectSeriesSummary.swift */,
			);
			path = api;
			sourceTree = "<group>";
		};
		B5AC6FD229759D9D00E7B1ED /* modules */ = {
			isa = PBXGroup;
			children = (
				B5AC6FD329759E2100E7B1ED /* characterlist */,
			);
			path = modules;
			sourceTree = "<group>";
		};
		B5AC6FD329759E2100E7B1ED /* characterlist */ = {
			isa = PBXGroup;
			children = (
				B5AC6FD429759E8800E7B1ED /* CharacterListViewController.swift */,
				B5AC6FD629759E9F00E7B1ED /* CharacterListPresenter.swift */,
				B5AC6FD829759EC000E7B1ED /* CharacterListInteractor.swift */,
				B5AC6FDA29759ED300E7B1ED /* CharacterListRouter.swift */,
				B5AC6FDC29759EE800E7B1ED /* CharacterListProtocols.swift */,
			);
			path = characterlist;
			sourceTree = "<group>";
		};
		DDD2C238E23C61739D360671 /* Pods */ = {
			isa = PBXGroup;
			children = (
				C3BB36BBD2A561726A9C7237 /* Pods-Marvel.debug.xcconfig */,
				ED548DC0CC0F53D490A1F6E3 /* Pods-Marvel.release.xcconfig */,
			);
			path = Pods;
			sourceTree = "<group>";
		};
		EBE0CFCC1EA78B9ED8FAC70F /* Frameworks */ = {
			isa = PBXGroup;
			children = (
				72A0D724C7563CB082EA1AB5 /* Pods_Marvel.framework */,
			);
			name = Frameworks;
			sourceTree = "<group>";
		};
/* End PBXGroup section */

/* Begin PBXNativeTarget section */
		B5AAA6642975401B00AF1121 /* Marvel */ = {
			isa = PBXNativeTarget;
			buildConfigurationList = B5AAA6792975401E00AF1121 /* Build configuration list for PBXNativeTarget "Marvel" */;
			buildPhases = (
				5146EE78794203886432E467 /* [CP] Check Pods Manifest.lock */,
				B5AAA6612975401B00AF1121 /* Sources */,
				B5AAA6622975401B00AF1121 /* Frameworks */,
				B5AAA6632975401B00AF1121 /* Resources */,
				1CC2FB9CCEE7428D2EE911D9 /* [CP] Embed Pods Frameworks */,
			);
			buildRules = (
			);
			dependencies = (
			);
			name = Marvel;
			productName = Marvel;
			productReference = B5AAA6652975401B00AF1121 /* Marvel.app */;
			productType = "com.apple.product-type.application";
		};
/* End PBXNativeTarget section */

/* Begin PBXProject section */
		B5AAA65D2975401B00AF1121 /* Project object */ = {
			isa = PBXProject;
			attributes = {
				BuildIndependentTargetsInParallel = 1;
				LastSwiftUpdateCheck = 1330;
				LastUpgradeCheck = 1330;
				TargetAttributes = {
					B5AAA6642975401B00AF1121 = {
						CreatedOnToolsVersion = 13.3;
					};
				};
			};
			buildConfigurationList = B5AAA6602975401B00AF1121 /* Build configuration list for PBXProject "Marvel" */;
			compatibilityVersion = "Xcode 13.0";
			developmentRegion = en;
			hasScannedForEncodings = 0;
			knownRegions = (
				en,
				Base,
			);
			mainGroup = B5AAA65C2975401B00AF1121;
			productRefGroup = B5AAA6662975401B00AF1121 /* Products */;
			projectDirPath = "";
			projectRoot = "";
			targets = (
				B5AAA6642975401B00AF1121 /* Marvel */,
			);
		};
/* End PBXProject section */

/* Begin PBXResourcesBuildPhase section */
		B5AAA6632975401B00AF1121 /* Resources */ = {
			isa = PBXResourcesBuildPhase;
			buildActionMask = 2147483647;
			files = (
				B5AAA6752975401E00AF1121 /* LaunchScreen.storyboard in Resources */,
				B5AAA6722975401E00AF1121 /* Assets.xcassets in Resources */,
				B5AAA6702975401B00AF1121 /* Main.storyboard in Resources */,
			);
			runOnlyForDeploymentPostprocessing = 0;
		};
/* End PBXResourcesBuildPhase section */

/* Begin PBXShellScriptBuildPhase section */
		1CC2FB9CCEE7428D2EE911D9 /* [CP] Embed Pods Frameworks */ = {
			isa = PBXShellScriptBuildPhase;
			buildActionMask = 2147483647;
			files = (
			);
			inputFileListPaths = (
				"${PODS_ROOT}/Target Support Files/Pods-Marvel/Pods-Marvel-frameworks-${CONFIGURATION}-input-files.xcfilelist",
			);
			name = "[CP] Embed Pods Frameworks";
			outputFileListPaths = (
				"${PODS_ROOT}/Target Support Files/Pods-Marvel/Pods-Marvel-frameworks-${CONFIGURATION}-output-files.xcfilelist",
			);
			runOnlyForDeploymentPostprocessing = 0;
			shellPath = /bin/sh;
			shellScript = "\"${PODS_ROOT}/Target Support Files/Pods-Marvel/Pods-Marvel-frameworks.sh\"\n";
			showEnvVarsInLog = 0;
		};
		5146EE78794203886432E467 /* [CP] Check Pods Manifest.lock */ = {
			isa = PBXShellScriptBuildPhase;
			buildActionMask = 2147483647;
			files = (
			);
			inputFileListPaths = (
			);
			inputPaths = (
				"${PODS_PODFILE_DIR_PATH}/Podfile.lock",
				"${PODS_ROOT}/Manifest.lock",
			);
			name = "[CP] Check Pods Manifest.lock";
			outputFileListPaths = (
			);
			outputPaths = (
				"$(DERIVED_FILE_DIR)/Pods-Marvel-checkManifestLockResult.txt",
			);
			runOnlyForDeploymentPostprocessing = 0;
			shellPath = /bin/sh;
			shellScript = "diff \"${PODS_PODFILE_DIR_PATH}/Podfile.lock\" \"${PODS_ROOT}/Manifest.lock\" > /dev/null\nif [ $? != 0 ] ; then\n    # print error to STDERR\n    echo \"error: The sandbox is not in sync with the Podfile.lock. Run 'pod install' or update your CocoaPods installation.\" >&2\n    exit 1\nfi\n# This output is used by Xcode 'outputs' to avoid re-running this script phase.\necho \"SUCCESS\" > \"${SCRIPT_OUTPUT_FILE_0}\"\n";
			showEnvVarsInLog = 0;
		};
/* End PBXShellScriptBuildPhase section */

/* Begin PBXSourcesBuildPhase section */
		B5AAA6612975401B00AF1121 /* Sources */ = {
			isa = PBXSourcesBuildPhase;
			buildActionMask = 2147483647;
			files = (
				B5AAA66D2975401B00AF1121 /* ViewController.swift in Sources */,
				B5AC6FDD29759EE800E7B1ED /* CharacterListProtocols.swift in Sources */,
				B5AC6FB929758C5C00E7B1ED /* ApiObjectCharacterDataWrapper.swift in Sources */,
				B5AC6FB729758ACF00E7B1ED /* ApiObjectCharacter.swift in Sources */,
				B5AC6FBF2975943700E7B1ED /* ApiObjectImage.swift in Sources */,
				B5AC6FD729759E9F00E7B1ED /* CharacterListPresenter.swift in Sources */,
				B5AC6FA829757AC300E7B1ED /* String+Extensions.swift in Sources */,
				B5AC6FB4297589F900E7B1ED /* Character.swift in Sources */,
				B5AC6FC1297594DD00E7B1ED /* ApiObjectComicList.swift in Sources */,
				B5AC6FD929759EC000E7B1ED /* CharacterListInteractor.swift in Sources */,
				B5AC6FAD29757D8400E7B1ED /* Log.swift in Sources */,
				B5AC6FC32975953B00E7B1ED /* ApiObjectComicSummary.swift in Sources */,
				B5AAA680297550B300AF1121 /* ApiRestClient.swift in Sources */,
				B5AAA67E297549F900AF1121 /* ApiRestMarvel.swift in Sources */,
				B5AAA6692975401B00AF1121 /* AppDelegate.swift in Sources */,
				B5AC6FAB29757C7600E7B1ED /* MarvelRequestMonitor.swift in Sources */,
				B5AC6FC9297596A600E7B1ED /* ApiObjectEventList.swift in Sources */,
				B5AC6FA429756CAB00E7B1ED /* MarvelTokenAdapter.swift in Sources */,
				B5AC6FCB2975979200E7B1ED /* ApiObjectEventSummary.swift in Sources */,
				B5AC6FBB29758D0800E7B1ED /* ApiObjectCharacterDataContainer.swift in Sources */,
				B5AC6FCF2975980B00E7B1ED /* ApiObjectSeriesSummary.swift in Sources */,
				B5AC6FC52975958700E7B1ED /* ApiObjectStoryList.swift in Sources */,
				B5AC6FCD297597CE00E7B1ED /* ApiObjectSeriesList.swift in Sources */,
				B5AAA66B2975401B00AF1121 /* SceneDelegate.swift in Sources */,
				B5AC6FBD297593E200E7B1ED /* ApiObjectUrl.swift in Sources */,
				B5AC6FDB29759ED300E7B1ED /* CharacterListRouter.swift in Sources */,
				B5AC6FD529759E8800E7B1ED /* CharacterListViewController.swift in Sources */,
				B5AC6FC72975965600E7B1ED /* ApiObjectStorySummary.swift in Sources */,
				B5AC6FB02975810500E7B1ED /* CharacterRepository.swift in Sources */,
				B5AC6FD12975993700E7B1ED /* Decodable+Extensions.swift in Sources */,
			);
			runOnlyForDeploymentPostprocessing = 0;
		};
/* End PBXSourcesBuildPhase section */

/* Begin PBXVariantGroup section */
		B5AAA66E2975401B00AF1121 /* Main.storyboard */ = {
			isa = PBXVariantGroup;
			children = (
				B5AAA66F2975401B00AF1121 /* Base */,
			);
			name = Main.storyboard;
			sourceTree = "<group>";
		};
		B5AAA6732975401E00AF1121 /* LaunchScreen.storyboard */ = {
			isa = PBXVariantGroup;
			children = (
				B5AAA6742975401E00AF1121 /* Base */,
			);
			name = LaunchScreen.storyboard;
			sourceTree = "<group>";
		};
/* End PBXVariantGroup section */

/* Begin XCBuildConfiguration section */
		B5AAA6772975401E00AF1121 /* Debug */ = {
			isa = XCBuildConfiguration;
			buildSettings = {
				ALWAYS_SEARCH_USER_PATHS = NO;
				CLANG_ANALYZER_NONNULL = YES;
				CLANG_ANALYZER_NUMBER_OBJECT_CONVERSION = YES_AGGRESSIVE;
				CLANG_CXX_LANGUAGE_STANDARD = "gnu++17";
				CLANG_ENABLE_MODULES = YES;
				CLANG_ENABLE_OBJC_ARC = YES;
				CLANG_ENABLE_OBJC_WEAK = YES;
				CLANG_WARN_BLOCK_CAPTURE_AUTORELEASING = YES;
				CLANG_WARN_BOOL_CONVERSION = YES;
				CLANG_WARN_COMMA = YES;
				CLANG_WARN_CONSTANT_CONVERSION = YES;
				CLANG_WARN_DEPRECATED_OBJC_IMPLEMENTATIONS = YES;
				CLANG_WARN_DIRECT_OBJC_ISA_USAGE = YES_ERROR;
				CLANG_WARN_DOCUMENTATION_COMMENTS = YES;
				CLANG_WARN_EMPTY_BODY = YES;
				CLANG_WARN_ENUM_CONVERSION = YES;
				CLANG_WARN_INFINITE_RECURSION = YES;
				CLANG_WARN_INT_CONVERSION = YES;
				CLANG_WARN_NON_LITERAL_NULL_CONVERSION = YES;
				CLANG_WARN_OBJC_IMPLICIT_RETAIN_SELF = YES;
				CLANG_WARN_OBJC_LITERAL_CONVERSION = YES;
				CLANG_WARN_OBJC_ROOT_CLASS = YES_ERROR;
				CLANG_WARN_QUOTED_INCLUDE_IN_FRAMEWORK_HEADER = YES;
				CLANG_WARN_RANGE_LOOP_ANALYSIS = YES;
				CLANG_WARN_STRICT_PROTOTYPES = YES;
				CLANG_WARN_SUSPICIOUS_MOVE = YES;
				CLANG_WARN_UNGUARDED_AVAILABILITY = YES_AGGRESSIVE;
				CLANG_WARN_UNREACHABLE_CODE = YES;
				CLANG_WARN__DUPLICATE_METHOD_MATCH = YES;
				COPY_PHASE_STRIP = NO;
				DEBUG_INFORMATION_FORMAT = dwarf;
				ENABLE_STRICT_OBJC_MSGSEND = YES;
				ENABLE_TESTABILITY = YES;
				GCC_C_LANGUAGE_STANDARD = gnu11;
				GCC_DYNAMIC_NO_PIC = NO;
				GCC_NO_COMMON_BLOCKS = YES;
				GCC_OPTIMIZATION_LEVEL = 0;
				GCC_PREPROCESSOR_DEFINITIONS = (
					"DEBUG=1",
					"$(inherited)",
				);
				GCC_WARN_64_TO_32_BIT_CONVERSION = YES;
				GCC_WARN_ABOUT_RETURN_TYPE = YES_ERROR;
				GCC_WARN_UNDECLARED_SELECTOR = YES;
				GCC_WARN_UNINITIALIZED_AUTOS = YES_AGGRESSIVE;
				GCC_WARN_UNUSED_FUNCTION = YES;
				GCC_WARN_UNUSED_VARIABLE = YES;
				IPHONEOS_DEPLOYMENT_TARGET = 15.4;
				MTL_ENABLE_DEBUG_INFO = INCLUDE_SOURCE;
				MTL_FAST_MATH = YES;
				ONLY_ACTIVE_ARCH = YES;
				SDKROOT = iphoneos;
				SWIFT_ACTIVE_COMPILATION_CONDITIONS = DEBUG;
				SWIFT_OPTIMIZATION_LEVEL = "-Onone";
			};
			name = Debug;
		};
		B5AAA6782975401E00AF1121 /* Release */ = {
			isa = XCBuildConfiguration;
			buildSettings = {
				ALWAYS_SEARCH_USER_PATHS = NO;
				CLANG_ANALYZER_NONNULL = YES;
				CLANG_ANALYZER_NUMBER_OBJECT_CONVERSION = YES_AGGRESSIVE;
				CLANG_CXX_LANGUAGE_STANDARD = "gnu++17";
				CLANG_ENABLE_MODULES = YES;
				CLANG_ENABLE_OBJC_ARC = YES;
				CLANG_ENABLE_OBJC_WEAK = YES;
				CLANG_WARN_BLOCK_CAPTURE_AUTORELEASING = YES;
				CLANG_WARN_BOOL_CONVERSION = YES;
				CLANG_WARN_COMMA = YES;
				CLANG_WARN_CONSTANT_CONVERSION = YES;
				CLANG_WARN_DEPRECATED_OBJC_IMPLEMENTATIONS = YES;
				CLANG_WARN_DIRECT_OBJC_ISA_USAGE = YES_ERROR;
				CLANG_WARN_DOCUMENTATION_COMMENTS = YES;
				CLANG_WARN_EMPTY_BODY = YES;
				CLANG_WARN_ENUM_CONVERSION = YES;
				CLANG_WARN_INFINITE_RECURSION = YES;
				CLANG_WARN_INT_CONVERSION = YES;
				CLANG_WARN_NON_LITERAL_NULL_CONVERSION = YES;
				CLANG_WARN_OBJC_IMPLICIT_RETAIN_SELF = YES;
				CLANG_WARN_OBJC_LITERAL_CONVERSION = YES;
				CLANG_WARN_OBJC_ROOT_CLASS = YES_ERROR;
				CLANG_WARN_QUOTED_INCLUDE_IN_FRAMEWORK_HEADER = YES;
				CLANG_WARN_RANGE_LOOP_ANALYSIS = YES;
				CLANG_WARN_STRICT_PROTOTYPES = YES;
				CLANG_WARN_SUSPICIOUS_MOVE = YES;
				CLANG_WARN_UNGUARDED_AVAILABILITY = YES_AGGRESSIVE;
				CLANG_WARN_UNREACHABLE_CODE = YES;
				CLANG_WARN__DUPLICATE_METHOD_MATCH = YES;
				COPY_PHASE_STRIP = NO;
				DEBUG_INFORMATION_FORMAT = "dwarf-with-dsym";
				ENABLE_NS_ASSERTIONS = NO;
				ENABLE_STRICT_OBJC_MSGSEND = YES;
				GCC_C_LANGUAGE_STANDARD = gnu11;
				GCC_NO_COMMON_BLOCKS = YES;
				GCC_WARN_64_TO_32_BIT_CONVERSION = YES;
				GCC_WARN_ABOUT_RETURN_TYPE = YES_ERROR;
				GCC_WARN_UNDECLARED_SELECTOR = YES;
				GCC_WARN_UNINITIALIZED_AUTOS = YES_AGGRESSIVE;
				GCC_WARN_UNUSED_FUNCTION = YES;
				GCC_WARN_UNUSED_VARIABLE = YES;
				IPHONEOS_DEPLOYMENT_TARGET = 15.4;
				MTL_ENABLE_DEBUG_INFO = NO;
				MTL_FAST_MATH = YES;
				SDKROOT = iphoneos;
				SWIFT_COMPILATION_MODE = wholemodule;
				SWIFT_OPTIMIZATION_LEVEL = "-O";
				VALIDATE_PRODUCT = YES;
			};
			name = Release;
		};
		B5AAA67A2975401E00AF1121 /* Debug */ = {
			isa = XCBuildConfiguration;
			baseConfigurationReference = C3BB36BBD2A561726A9C7237 /* Pods-Marvel.debug.xcconfig */;
			buildSettings = {
				ASSETCATALOG_COMPILER_APPICON_NAME = AppIcon;
				ASSETCATALOG_COMPILER_GLOBAL_ACCENT_COLOR_NAME = AccentColor;
				CODE_SIGN_STYLE = Automatic;
				CURRENT_PROJECT_VERSION = 1;
				GENERATE_INFOPLIST_FILE = YES;
				INFOPLIST_FILE = Marvel/Info.plist;
				INFOPLIST_KEY_UIApplicationSupportsIndirectInputEvents = YES;
				INFOPLIST_KEY_UILaunchStoryboardName = LaunchScreen;
				INFOPLIST_KEY_UIMainStoryboardFile = Main;
				INFOPLIST_KEY_UISupportedInterfaceOrientations_iPad = "UIInterfaceOrientationPortrait UIInterfaceOrientationPortraitUpsideDown UIInterfaceOrientationLandscapeLeft UIInterfaceOrientationLandscapeRight";
				INFOPLIST_KEY_UISupportedInterfaceOrientations_iPhone = "UIInterfaceOrientationPortrait UIInterfaceOrientationLandscapeLeft UIInterfaceOrientationLandscapeRight";
				LD_RUNPATH_SEARCH_PATHS = (
					"$(inherited)",
					"@executable_path/Frameworks",
				);
				MARKETING_VERSION = 1.0;
				PRODUCT_BUNDLE_IDENTIFIER = Kronti.app.Marvel;
				PRODUCT_NAME = "$(TARGET_NAME)";
				SWIFT_EMIT_LOC_STRINGS = YES;
				SWIFT_VERSION = 5.0;
				TARGETED_DEVICE_FAMILY = "1,2";
			};
			name = Debug;
		};
		B5AAA67B2975401E00AF1121 /* Release */ = {
			isa = XCBuildConfiguration;
			baseConfigurationReference = ED548DC0CC0F53D490A1F6E3 /* Pods-Marvel.release.xcconfig */;
			buildSettings = {
				ASSETCATALOG_COMPILER_APPICON_NAME = AppIcon;
				ASSETCATALOG_COMPILER_GLOBAL_ACCENT_COLOR_NAME = AccentColor;
				CODE_SIGN_STYLE = Automatic;
				CURRENT_PROJECT_VERSION = 1;
				GENERATE_INFOPLIST_FILE = YES;
				INFOPLIST_FILE = Marvel/Info.plist;
				INFOPLIST_KEY_UIApplicationSupportsIndirectInputEvents = YES;
				INFOPLIST_KEY_UILaunchStoryboardName = LaunchScreen;
				INFOPLIST_KEY_UIMainStoryboardFile = Main;
				INFOPLIST_KEY_UISupportedInterfaceOrientations_iPad = "UIInterfaceOrientationPortrait UIInterfaceOrientationPortraitUpsideDown UIInterfaceOrientationLandscapeLeft UIInterfaceOrientationLandscapeRight";
				INFOPLIST_KEY_UISupportedInterfaceOrientations_iPhone = "UIInterfaceOrientationPortrait UIInterfaceOrientationLandscapeLeft UIInterfaceOrientationLandscapeRight";
				LD_RUNPATH_SEARCH_PATHS = (
					"$(inherited)",
					"@executable_path/Frameworks",
				);
				MARKETING_VERSION = 1.0;
				PRODUCT_BUNDLE_IDENTIFIER = Kronti.app.Marvel;
				PRODUCT_NAME = "$(TARGET_NAME)";
				SWIFT_EMIT_LOC_STRINGS = YES;
				SWIFT_VERSION = 5.0;
				TARGETED_DEVICE_FAMILY = "1,2";
			};
			name = Release;
		};
/* End XCBuildConfiguration section */

/* Begin XCConfigurationList section */
		B5AAA6602975401B00AF1121 /* Build configuration list for PBXProject "Marvel" */ = {
			isa = XCConfigurationList;
			buildConfigurations = (
				B5AAA6772975401E00AF1121 /* Debug */,
				B5AAA6782975401E00AF1121 /* Release */,
			);
			defaultConfigurationIsVisible = 0;
			defaultConfigurationName = Release;
		};
		B5AAA6792975401E00AF1121 /* Build configuration list for PBXNativeTarget "Marvel" */ = {
			isa = XCConfigurationList;
			buildConfigurations = (
				B5AAA67A2975401E00AF1121 /* Debug */,
				B5AAA67B2975401E00AF1121 /* Release */,
			);
			defaultConfigurationIsVisible = 0;
			defaultConfigurationName = Release;
		};
/* End XCConfigurationList section */
	};
	rootObject = B5AAA65D2975401B00AF1121 /* Project object */;
}
